<?xml version="1.0" encoding="utf-8"?>
<Project ToolsVersion="4.0" xmlns="http://schemas.microsoft.com/developer/msbuild/2003">
  <ItemGroup>
    <Filter Include="Environments">
      <UniqueIdentifier>{CD5D501A-B9C0-DFBE-6246-18754E88AB41}</UniqueIdentifier>
    </Filter>
  </ItemGroup>
  <ItemGroup>
    <ClInclude Include="src\Environments\TerrainTests.h" />
    <ClInclude Include="src\Environments\AtSeaTest.h" />
    <ClInclude Include="assets\shaders\old\TerrainShader2.glsl" />
  </ItemGroup>
  <ItemGroup>
    <ClCompile Include="src\SandboxApp.cpp" />
    <ClCompile Include="src\Environments\TerrainTests.cpp" />
    <ClCompile Include="src\Environments\AtSeaTest.cpp" />
  </ItemGroup>
  <ItemGroup>
    <None Include="assets\shaders\OceanShader.glsl" />
    <None Include="assets\shaders\compute\BoatTransform.glsl" />
    <None Include="assets\shaders\compute\ButterflyTexture.glsl" />
    <None Include="assets\shaders\compute\FFT.glsl" />
    <None Include="assets\shaders\compute\FFT_inversionpermutation.glsl" />
    <None Include="assets\shaders\compute\Spectrum_generate.glsl" />
    <None Include="assets\shaders\compute\Spectrum_update.glsl" />
    <None Include="assets\shaders\compute\Erosion.glsl" />
    <None Include="assets\shaders\compute\GaussianBlur.glsl" />
    <None Include="assets\shaders\compute\Erosion2.glsl" />
    <None Include="assets\shaders\OceanShaderSmooth.glsl" />
    <None Include="assets\shaders\IsleShader.glsl" />
    <None Include="assets\shaders\HeightMapShadowMapper.glsl" />
    <None Include="assets\shaders\HeightMapShadowSampler.glsl" />
    <None Include="assets\shaders\IsleShaderNoGeometry.glsl" />
    <None Include="assets\shaders\OceanShaderSmoothLight.glsl" />
    <None Include="assets\shaders\SkyBoxShader.glsl" />
    <None Include="assets\shaders\OceanShaderPoly.glsl" />
    <None Include="assets\shaders\old\LandscapeErosion.glsl" />
    <None Include="assets\shaders\old\LandscapeShader.glsl" />
    <None Include="assets\shaders\old\SeaShaderGeometry.glsl" />
    <None Include="assets\shaders\old\SeaShaderSmooth.glsl" />
    <None Include="assets\shaders\old\TerrainShader.glsl" />
    <None Include="assets\shaders\old\Texture.glsl" />
    <None Include="assets\shaders\DefaultPolyShader.glsl" />
  </ItemGroup>
</Project>